
Microsoft Visual Studio Solution File, Format Version 12.00
# Visual Studio Version 17
VisualStudioVersion = 17.14.36414.22 d17.14
MinimumVisualStudioVersion = 10.0.40219.1
Project("{FAE04EC0-301F-11D3-BF4B-00C04F79EFBC}") = "WeBook", "WeBook.csproj", "{E4CB64DB-1991-48BE-8B4D-2F418115840B}"
EndProject
Global
	GlobalSection(SolutionConfigurationPlatforms) = preSolution
		Debug|Any CPU = Debug|Any CPU
		Release|Any CPU = Release|Any CPU
	EndGlobalSection
	GlobalSection(ProjectConfigurationPlatforms) = postSolution
		{E4CB64DB-1991-48BE-8B4D-2F418115840B}.Debug|Any CPU.ActiveCfg = Debug|Any CPU
		{E4CB64DB-1991-48BE-8B4D-2F418115840B}.Debug|Any CPU.Build.0 = Debug|Any CPU
		{E4CB64DB-1991-48BE-8B4D-2F418115840B}.Release|Any CPU.ActiveCfg = Release|Any CPU
		{E4CB64DB-1991-48BE-8B4D-2F418115840B}.Release|Any CPU.Build.0 = Release|Any CPU
	EndGlobalSection
	GlobalSection(SolutionProperties) = preSolution
		HideSolutionNode = FALSE
	EndGlobalSection
	GlobalSection(ExtensibilityGlobals) = postSolution
		SolutionGuid = {142C0C7A-C143-4E1A-9EB4-89C8B6A4DAF2}
	EndGlobalSection
EndGlobal
